// !$*UTF8*$!
{
	archiveVersion = 1;
	classes = {
	};
	objectVersion = 50;
	objects = {

/* Begin PBXBuildFile section */
		E42324E3246E439700BB9B7A /* 8697cf1ely8gashxj3b09j20u00u040v.jpg in Resources */ = {isa = PBXBuildFile; fileRef = E4232490246E439600BB9B7A /* 8697cf1ely8gashxj3b09j20u00u040v.jpg */; };
		E42324E4246E439700BB9B7A /* d0c21786ly1gavj2c0kcej20c8096dh7.jpg in Resources */ = {isa = PBXBuildFile; fileRef = E4232491246E439600BB9B7A /* d0c21786ly1gavj2c0kcej20c8096dh7.jpg */; };
		E42324E5246E439700BB9B7A /* 6ec3b446jw1e8qgp5bmzyj2050050aa8.jpg in Resources */ = {isa = PBXBuildFile; fileRef = E4232492246E439600BB9B7A /* 6ec3b446jw1e8qgp5bmzyj2050050aa8.jpg */; };
		E42324E6246E439700BB9B7A /* 8a0b5544jw1e8qgp5bmzyj2050050aa8.jpg in Resources */ = {isa = PBXBuildFile; fileRef = E4232493246E439600BB9B7A /* 8a0b5544jw1e8qgp5bmzyj2050050aa8.jpg */; };
		E42324E7246E439700BB9B7A /* bca7fdafly1gax1gqdg6qj20c80avdgl.jpg in Resources */ = {isa = PBXBuildFile; fileRef = E4232494246E439600BB9B7A /* bca7fdafly1gax1gqdg6qj20c80avdgl.jpg */; };
		E42324E8246E439700BB9B7A /* 9dc7402fjw1e8qgp5bmzyj2050050aa8.jpg in Resources */ = {isa = PBXBuildFile; fileRef = E4232495246E439600BB9B7A /* 9dc7402fjw1e8qgp5bmzyj2050050aa8.jpg */; };
		E42324E9246E439700BB9B7A /* eb5c94aegy1gav25n5ibjj20zk1h8wuu.jpg in Resources */ = {isa = PBXBuildFile; fileRef = E4232496246E439600BB9B7A /* eb5c94aegy1gav25n5ibjj20zk1h8wuu.jpg */; };
		E42324EA246E439700BB9B7A /* 006gWxMEly1gavap8dywoj30hs0bwq48.jpg in Resources */ = {isa = PBXBuildFile; fileRef = E4232497246E439600BB9B7A /* 006gWxMEly1gavap8dywoj30hs0bwq48.jpg */; };
		E42324EB246E439700BB9B7A /* 630584a6gy1gau54zl806j20m80etmzo.jpg in Resources */ = {isa = PBXBuildFile; fileRef = E4232498246E439600BB9B7A /* 630584a6gy1gau54zl806j20m80etmzo.jpg */; };
		E42324EC246E439700BB9B7A /* 9dc7402fgy1gavd38wwlrj20j60nyq6y.jpg in Resources */ = {isa = PBXBuildFile; fileRef = E4232499246E439600BB9B7A /* 9dc7402fgy1gavd38wwlrj20j60nyq6y.jpg */; };
		E42324ED246E439700BB9B7A /* 8a0b5544gy1gauy2flua6j20u00hitab.jpg in Resources */ = {isa = PBXBuildFile; fileRef = E423249A246E439600BB9B7A /* 8a0b5544gy1gauy2flua6j20u00hitab.jpg */; };
		E42324EE246E439700BB9B7A /* 7f9147a5ly1fzxlh4ovuej20e90fl4fo.jpg in Resources */ = {isa = PBXBuildFile; fileRef = E423249B246E439600BB9B7A /* 7f9147a5ly1fzxlh4ovuej20e90fl4fo.jpg */; };
		E42324EF246E439700BB9B7A /* 7f9147a5ly1fzxlgxgzpij20e90fltsj.jpg in Resources */ = {isa = PBXBuildFile; fileRef = E423249C246E439600BB9B7A /* 7f9147a5ly1fzxlgxgzpij20e90fltsj.jpg */; };
		E42324F0246E439700BB9B7A /* 76297935ly1gatz8obqvkj22c0340npe.jpg in Resources */ = {isa = PBXBuildFile; fileRef = E423249D246E439600BB9B7A /* 76297935ly1gatz8obqvkj22c0340npe.jpg */; };
		E42324F1246E439700BB9B7A /* d0c21786ly8fsax1ftiifj20ro0ro43g.jpg in Resources */ = {isa = PBXBuildFile; fileRef = E423249E246E439600BB9B7A /* d0c21786ly8fsax1ftiifj20ro0ro43g.jpg */; };
		E42324F2246E439700BB9B7A /* 9dc7402fgy1gavd38kqjtj20j60nyn1d.jpg in Resources */ = {isa = PBXBuildFile; fileRef = E423249F246E439600BB9B7A /* 9dc7402fgy1gavd38kqjtj20j60nyn1d.jpg */; };
		E42324F3246E439700BB9B7A /* 6a2afec3gy1gaulykcejqj20t5145wns.jpg in Resources */ = {isa = PBXBuildFile; fileRef = E42324A0246E439600BB9B7A /* 6a2afec3gy1gaulykcejqj20t5145wns.jpg */; };
		E42324F4246E439700BB9B7A /* 4e7f0c83gy1gam2mp0x4pj22tc240u0x.jpg in Resources */ = {isa = PBXBuildFile; fileRef = E42324A1246E439600BB9B7A /* 4e7f0c83gy1gam2mp0x4pj22tc240u0x.jpg */; };
		E42324F5246E439700BB9B7A /* c5aa834fgy1gauzrb7s5ej20tz13qh5x.jpg in Resources */ = {isa = PBXBuildFile; fileRef = E42324A2246E439600BB9B7A /* c5aa834fgy1gauzrb7s5ej20tz13qh5x.jpg */; };
		E42324F6246E439700BB9B7A /* 700a34f6gy1gaunswxtlrj20j60pkgok.jpg in Resources */ = {isa = PBXBuildFile; fileRef = E42324A3246E439600BB9B7A /* 700a34f6gy1gaunswxtlrj20j60pkgok.jpg */; };
		E42324F7246E439700BB9B7A /* 8a0b5544gy1gauy2ex786j20u0129aed.jpg in Resources */ = {isa = PBXBuildFile; fileRef = E42324A4246E439600BB9B7A /* 8a0b5544gy1gauy2ex786j20u0129aed.jpg */; };
		E42324F8246E439700BB9B7A /* 76297935ly1gatz89dzblj23402c0qv6.jpg in Resources */ = {isa = PBXBuildFile; fileRef = E42324A5246E439600BB9B7A /* 76297935ly1gatz89dzblj23402c0qv6.jpg */; };
		E42324F9246E439700BB9B7A /* 700a34f6gy1gaunswy5qnj20j60pkadk.jpg in Resources */ = {isa = PBXBuildFile; fileRef = E42324A6246E439600BB9B7A /* 700a34f6gy1gaunswy5qnj20j60pkadk.jpg */; };
		E42324FA246E439700BB9B7A /* bca7fdafgw1ekhkps65b1j2050050dg4.jpg in Resources */ = {isa = PBXBuildFile; fileRef = E42324A7246E439600BB9B7A /* bca7fdafgw1ekhkps65b1j2050050dg4.jpg */; };
		E42324FB246E439700BB9B7A /* PostListData_recommend_1.json in Resources */ = {isa = PBXBuildFile; fileRef = E42324A8246E439600BB9B7A /* PostListData_recommend_1.json */; };
		E42324FC246E439700BB9B7A /* 006gWxMEly8g0bjpl3ynij30kv0kv773.jpg in Resources */ = {isa = PBXBuildFile; fileRef = E42324A9246E439600BB9B7A /* 006gWxMEly8g0bjpl3ynij30kv0kv773.jpg */; };
		E42324FD246E439700BB9B7A /* 6ec3b446gy1gavd51jc4lj20j60pmwhl.jpg in Resources */ = {isa = PBXBuildFile; fileRef = E42324AA246E439600BB9B7A /* 6ec3b446gy1gavd51jc4lj20j60pmwhl.jpg */; };
		E42324FE246E439700BB9B7A /* 006gWxMEly1gavap88gttj30hs0a0dgf.jpg in Resources */ = {isa = PBXBuildFile; fileRef = E42324AB246E439600BB9B7A /* 006gWxMEly1gavap88gttj30hs0a0dgf.jpg */; };
		E42324FF246E439700BB9B7A /* 4e7f0c83gy1gam2ml6nucj22tc240kjl.jpg in Resources */ = {isa = PBXBuildFile; fileRef = E42324AC246E439600BB9B7A /* 4e7f0c83gy1gam2ml6nucj22tc240kjl.jpg */; };
		E4232500246E439700BB9B7A /* 4e7f0c83gy1gam2misv31j21hc0u016k.jpg in Resources */ = {isa = PBXBuildFile; fileRef = E42324AD246E439600BB9B7A /* 4e7f0c83gy1gam2misv31j21hc0u016k.jpg */; };
		E4232501246E439700BB9B7A /* 8a0b5544gy1gauy2gmkg9j20u00gegnp.jpg in Resources */ = {isa = PBXBuildFile; fileRef = E42324AE246E439600BB9B7A /* 8a0b5544gy1gauy2gmkg9j20u00gegnp.jpg */; };
		E4232502246E439700BB9B7A /* 006gWxMEly1gavap8vsqaj30hs0bwgm6.jpg in Resources */ = {isa = PBXBuildFile; fileRef = E42324AF246E439600BB9B7A /* 006gWxMEly1gavap8vsqaj30hs0bwgm6.jpg */; };
		E4232503246E439700BB9B7A /* 648ed25bjw8est9nqrtnij20500503yr.jpg in Resources */ = {isa = PBXBuildFile; fileRef = E42324B0246E439600BB9B7A /* 648ed25bjw8est9nqrtnij20500503yr.jpg */; };
		E4232504246E439700BB9B7A /* eb5c94aegy1gav25ox6dvj20u00k1go9.jpg in Resources */ = {isa = PBXBuildFile; fileRef = E42324B1246E439600BB9B7A /* eb5c94aegy1gav25ox6dvj20u00k1go9.jpg */; };
		E4232505246E439700BB9B7A /* 8a0b5544gy1gauy2g35yoj20u00fomzf.jpg in Resources */ = {isa = PBXBuildFile; fileRef = E42324B2246E439600BB9B7A /* 8a0b5544gy1gauy2g35yoj20u00fomzf.jpg */; };
		E4232506246E439700BB9B7A /* 006PdkDoly8ffywe2fq39j304g04gwed.jpg in Resources */ = {isa = PBXBuildFile; fileRef = E42324B3246E439600BB9B7A /* 006PdkDoly8ffywe2fq39j304g04gwed.jpg */; };
		E4232507246E439700BB9B7A /* 700a34f6gy1gaunsxgzixj20j60edmz8.jpg in Resources */ = {isa = PBXBuildFile; fileRef = E42324B4246E439600BB9B7A /* 700a34f6gy1gaunsxgzixj20j60edmz8.jpg */; };
		E4232508246E439700BB9B7A /* bca7fdafly1gax1gqdnboj20c80atmxp.jpg in Resources */ = {isa = PBXBuildFile; fileRef = E42324B5246E439600BB9B7A /* bca7fdafly1gax1gqdnboj20c80atmxp.jpg */; };
		E4232509246E439700BB9B7A /* c5aa834fgy1gauzr6venkj20u01hc12f.jpg in Resources */ = {isa = PBXBuildFile; fileRef = E42324B6246E439600BB9B7A /* c5aa834fgy1gauzr6venkj20u01hc12f.jpg */; };
		E423250A246E439700BB9B7A /* 7f9147a5ly1fzxlh6hzdnj20e90fl7me.jpg in Resources */ = {isa = PBXBuildFile; fileRef = E42324B7246E439600BB9B7A /* 7f9147a5ly1fzxlh6hzdnj20e90fl7me.jpg */; };
		E423250B246E439700BB9B7A /* 630584a6gy1gau54zm4dtj20m80dftbv.jpg in Resources */ = {isa = PBXBuildFile; fileRef = E42324B8246E439600BB9B7A /* 630584a6gy1gau54zm4dtj20m80dftbv.jpg */; };
		E423250C246E439700BB9B7A /* c5aa834fgy1gauzr86bp5j20pb0w47in.jpg in Resources */ = {isa = PBXBuildFile; fileRef = E42324B9246E439600BB9B7A /* c5aa834fgy1gauzr86bp5j20pb0w47in.jpg */; };
		E423250D246E439700BB9B7A /* 9dc7402fgy1gavd39ba15j20j60nywii.jpg in Resources */ = {isa = PBXBuildFile; fileRef = E42324BA246E439600BB9B7A /* 9dc7402fgy1gavd39ba15j20j60nywii.jpg */; };
		E423250E246E439700BB9B7A /* bca7fdafly1gax1gqfgsjj20c80axaay.jpg in Resources */ = {isa = PBXBuildFile; fileRef = E42324BB246E439600BB9B7A /* bca7fdafly1gax1gqfgsjj20c80axaay.jpg */; };
		E423250F246E439700BB9B7A /* c5aa834fly8g97m8ix9lcj20re0regnk.jpg in Resources */ = {isa = PBXBuildFile; fileRef = E42324BC246E439600BB9B7A /* c5aa834fly8g97m8ix9lcj20re0regnk.jpg */; };
		E4232510246E439700BB9B7A /* 700a34f6ly8g9a29rjt92j20fn0iqdg8.jpg in Resources */ = {isa = PBXBuildFile; fileRef = E42324BD246E439600BB9B7A /* 700a34f6ly8g9a29rjt92j20fn0iqdg8.jpg */; };
		E4232511246E439700BB9B7A /* d0c21786ly1gavj2cdrkyj20c80720tg.jpg in Resources */ = {isa = PBXBuildFile; fileRef = E42324BE246E439600BB9B7A /* d0c21786ly1gavj2cdrkyj20c80720tg.jpg */; };
		E4232512246E439700BB9B7A /* bca7fdafly1gax1gqehdaj20c80atq3x.jpg in Resources */ = {isa = PBXBuildFile; fileRef = E42324BF246E439600BB9B7A /* bca7fdafly1gax1gqehdaj20c80atq3x.jpg */; };
		E4232513246E439700BB9B7A /* d0c21786ly1gavj2d17d9j20c808zq3r.jpg in Resources */ = {isa = PBXBuildFile; fileRef = E42324C0246E439600BB9B7A /* d0c21786ly1gavj2d17d9j20c808zq3r.jpg */; };
		E4232514246E439700BB9B7A /* 8a0b5544gy1gauy2gz000j20u00n6wgj.jpg in Resources */ = {isa = PBXBuildFile; fileRef = E42324C1246E439600BB9B7A /* 8a0b5544gy1gauy2gz000j20u00n6wgj.jpg */; };
		E4232515246E439700BB9B7A /* 006PdkDogy1gap6ngj12ej30u011itf7.jpg in Resources */ = {isa = PBXBuildFile; fileRef = E42324C2246E439600BB9B7A /* 006PdkDogy1gap6ngj12ej30u011itf7.jpg */; };
		E4232516246E439700BB9B7A /* 700a34f6gy1gaunsx2jywj20j60pkaeu.jpg in Resources */ = {isa = PBXBuildFile; fileRef = E42324C3246E439600BB9B7A /* 700a34f6gy1gaunsx2jywj20j60pkaeu.jpg */; };
		E4232517246E439700BB9B7A /* 4e7f0c83gy1gam2mr1b81j22tc2407wi.jpg in Resources */ = {isa = PBXBuildFile; fileRef = E42324C4246E439600BB9B7A /* 4e7f0c83gy1gam2mr1b81j22tc2407wi.jpg */; };
		E4232518246E439700BB9B7A /* 6a2afec3jw8fb4ld0qf2gj20e80dsdfz.jpg in Resources */ = {isa = PBXBuildFile; fileRef = E42324C5246E439600BB9B7A /* 6a2afec3jw8fb4ld0qf2gj20e80dsdfz.jpg */; };
		E4232519246E439700BB9B7A /* bca7fdafly1gax1gqd9vmj20c80ayaam.jpg in Resources */ = {isa = PBXBuildFile; fileRef = E42324C6246E439600BB9B7A /* bca7fdafly1gax1gqd9vmj20c80ayaam.jpg */; };
		E423251A246E439700BB9B7A /* 8a0b5544gy1gauy2hcozsj20u01czdiy.jpg in Resources */ = {isa = PBXBuildFile; fileRef = E42324C7246E439600BB9B7A /* 8a0b5544gy1gauy2hcozsj20u01czdiy.jpg */; };
		E423251B246E439700BB9B7A /* c5aa834fgy1gauzr95r6fj20tw0l3dq4.jpg in Resources */ = {isa = PBXBuildFile; fileRef = E42324C8246E439600BB9B7A /* c5aa834fgy1gauzr95r6fj20tw0l3dq4.jpg */; };
		E423251C246E439700BB9B7A /* 006PdkDogy1gap6ngiyn3j30u011idle.jpg in Resources */ = {isa = PBXBuildFile; fileRef = E42324C9246E439600BB9B7A /* 006PdkDogy1gap6ngiyn3j30u011idle.jpg */; };
		E423251D246E439700BB9B7A /* d0c21786ly1gavj2btv6tj20c80790tg.jpg in Resources */ = {isa = PBXBuildFile; fileRef = E42324CA246E439600BB9B7A /* d0c21786ly1gavj2btv6tj20c80790tg.jpg */; };
		E423251E246E439700BB9B7A /* PostListData_hot_1.json in Resources */ = {isa = PBXBuildFile; fileRef = E42324CB246E439600BB9B7A /* PostListData_hot_1.json */; };
		E423251F246E439700BB9B7A /* eb5c94aely8fmvumnl9baj20v90v9q49.jpg in Resources */ = {isa = PBXBuildFile; fileRef = E42324CC246E439600BB9B7A /* eb5c94aely8fmvumnl9baj20v90v9q49.jpg */; };
		E4232520246E439700BB9B7A /* 630584a6ly8fqs5wwkkmrj20ku0kuta7.jpg in Resources */ = {isa = PBXBuildFile; fileRef = E42324CD246E439600BB9B7A /* 630584a6ly8fqs5wwkkmrj20ku0kuta7.jpg */; };
		E4232521246E439700BB9B7A /* d0c21786ly1gavj2cowp9j20c8083ab4.jpg in Resources */ = {isa = PBXBuildFile; fileRef = E42324CE246E439600BB9B7A /* d0c21786ly1gavj2cowp9j20c8083ab4.jpg */; };
		E4232522246E439700BB9B7A /* 9dc7402fgy1gavd367p0pj20j60nywic.jpg in Resources */ = {isa = PBXBuildFile; fileRef = E42324CF246E439600BB9B7A /* 9dc7402fgy1gavd367p0pj20j60nywic.jpg */; };
		E4232523246E439700BB9B7A /* 006gWxMEly1gavap86qr9j30ht0qo40t.jpg in Resources */ = {isa = PBXBuildFile; fileRef = E42324D0246E439600BB9B7A /* 006gWxMEly1gavap86qr9j30ht0qo40t.jpg */; };
		E4232524246E439700BB9B7A /* 76297935ly1gatz8k5itij22c02c01ky.jpg in Resources */ = {isa = PBXBuildFile; fileRef = E42324D1246E439600BB9B7A /* 76297935ly1gatz8k5itij22c02c01ky.jpg */; };
		E4232525246E439700BB9B7A /* 76297935ly1gatz8g5rvxj22c03401kz.jpg in Resources */ = {isa = PBXBuildFile; fileRef = E42324D2246E439600BB9B7A /* 76297935ly1gatz8g5rvxj22c03401kz.jpg */; };
		E4232526246E439700BB9B7A /* 700a34f6gy1gaunsxhp4pj20j60pkn1k.jpg in Resources */ = {isa = PBXBuildFile; fileRef = E42324D3246E439600BB9B7A /* 700a34f6gy1gaunsxhp4pj20j60pkn1k.jpg */; };
		E4232527246E439700BB9B7A /* eb5c94aegy1gav2509cp5j20zk0k0n2j.jpg in Resources */ = {isa = PBXBuildFile; fileRef = E42324D4246E439600BB9B7A /* eb5c94aegy1gav2509cp5j20zk0k0n2j.jpg */; };
		E4232528246E439700BB9B7A /* 4e7f0c83gy1gam2mn58d3j22tc240qv5.jpg in Resources */ = {isa = PBXBuildFile; fileRef = E42324D5246E439600BB9B7A /* 4e7f0c83gy1gam2mn58d3j22tc240qv5.jpg */; };
		E4232529246E439700BB9B7A /* eb5c94aegy1gav26fycwlj20zk1h8drh.jpg in Resources */ = {isa = PBXBuildFile; fileRef = E42324D6246E439600BB9B7A /* eb5c94aegy1gav26fycwlj20zk1h8drh.jpg */; };
		E423252A246E439700BB9B7A /* 630584a6gy1gau54zyj61j20m80etn07.jpg in Resources */ = {isa = PBXBuildFile; fileRef = E42324D7246E439600BB9B7A /* 630584a6gy1gau54zyj61j20m80etn07.jpg */; };
		E423252B246E439700BB9B7A /* c5aa834fgy1gauzr8ok78j20tz12fk8w.jpg in Resources */ = {isa = PBXBuildFile; fileRef = E42324D8246E439600BB9B7A /* c5aa834fgy1gauzr8ok78j20tz12fk8w.jpg */; };
		E423252C246E439700BB9B7A /* 76297935ly8g4phfkq68hj20u00u0mzt.jpg in Resources */ = {isa = PBXBuildFile; fileRef = E42324D9246E439600BB9B7A /* 76297935ly8g4phfkq68hj20u00u0mzt.jpg */; };
		E423252D246E439700BB9B7A /* 9dc7402fgy1gavd37l9nwj20j60ny44q.jpg in Resources */ = {isa = PBXBuildFile; fileRef = E42324DA246E439600BB9B7A /* 9dc7402fgy1gavd37l9nwj20j60ny44q.jpg */; };
		E423252E246E439700BB9B7A /* 700a34f6gy1gaunswwui7j20j60pl78e.jpg in Resources */ = {isa = PBXBuildFile; fileRef = E42324DB246E439600BB9B7A /* 700a34f6gy1gaunswwui7j20j60pl78e.jpg */; };
		E423252F246E439700BB9B7A /* 630584a6gy1gau54zgaxhj20m80et0vq.jpg in Resources */ = {isa = PBXBuildFile; fileRef = E42324DC246E439600BB9B7A /* 630584a6gy1gau54zgaxhj20m80et0vq.jpg */; };
		E4232530246E439700BB9B7A /* 4e7f0c83gy1gam2mjhk8zj21hc0v6wnx.jpg in Resources */ = {isa = PBXBuildFile; fileRef = E42324DD246E439600BB9B7A /* 4e7f0c83gy1gam2mjhk8zj21hc0v6wnx.jpg */; };
		E4232531246E439700BB9B7A /* 6ec3b446gy1gavd4xud8lj20j60qkwj0.jpg in Resources */ = {isa = PBXBuildFile; fileRef = E42324DE246E439600BB9B7A /* 6ec3b446gy1gavd4xud8lj20j60qkwj0.jpg */; };
		E4232532246E439700BB9B7A /* 4e7f0c83ly8g1ho507078j20ro0rojtq.jpg in Resources */ = {isa = PBXBuildFile; fileRef = E42324DF246E439600BB9B7A /* 4e7f0c83ly8g1ho507078j20ro0rojtq.jpg */; };
		E4232533246E439700BB9B7A /* bca7fdafly1gax1gqdhouj20c80axaam.jpg in Resources */ = {isa = PBXBuildFile; fileRef = E42324E0246E439700BB9B7A /* bca7fdafly1gax1gqdhouj20c80axaam.jpg */; };
		E4232534246E439700BB9B7A /* 6ec3b446gy1gavd523embj20j60pytd6.jpg in Resources */ = {isa = PBXBuildFile; fileRef = E42324E1246E439700BB9B7A /* 6ec3b446gy1gavd523embj20j60pytd6.jpg */; };
		E4232535246E439700BB9B7A /* 005tnxzUly8gab4i2r73xj30u00u0js8.jpg in Resources */ = {isa = PBXBuildFile; fileRef = E42324E2246E439700BB9B7A /* 005tnxzUly8gab4i2r73xj30u00u0js8.jpg */; };
		E4232537246E5F8700BB9B7A /* PostVIPBadge.swift in Sources */ = {isa = PBXBuildFile; fileRef = E4232536246E5F8700BB9B7A /* PostVIPBadge.swift */; };
		E4232539246E614600BB9B7A /* Post.swift in Sources */ = {isa = PBXBuildFile; fileRef = E4232538246E614600BB9B7A /* Post.swift */; };
		E423253B246E7EBA00BB9B7A /* PostCellToolbarButton.swift in Sources */ = {isa = PBXBuildFile; fileRef = E423253A246E7EBA00BB9B7A /* PostCellToolbarButton.swift */; };
		E423253D246E8FD300BB9B7A /* PostListView.swift in Sources */ = {isa = PBXBuildFile; fileRef = E423253C246E8FD300BB9B7A /* PostListView.swift */; };
		E439F40A246E2DBF00D970CB /* AppDelegate.swift in Sources */ = {isa = PBXBuildFile; fileRef = E439F409246E2DBF00D970CB /* AppDelegate.swift */; };
		E439F40C246E2DBF00D970CB /* SceneDelegate.swift in Sources */ = {isa = PBXBuildFile; fileRef = E439F40B246E2DBF00D970CB /* SceneDelegate.swift */; };
		E439F40E246E2DBF00D970CB /* ContentView.swift in Sources */ = {isa = PBXBuildFile; fileRef = E439F40D246E2DBF00D970CB /* ContentView.swift */; };
		E439F410246E2DC100D970CB /* Assets.xcassets in Resources */ = {isa = PBXBuildFile; fileRef = E439F40F246E2DC100D970CB /* Assets.xcassets */; };
		E439F413246E2DC100D970CB /* Preview Assets.xcassets in Resources */ = {isa = PBXBuildFile; fileRef = E439F412246E2DC100D970CB /* Preview Assets.xcassets */; };
		E439F416246E2DC100D970CB /* LaunchScreen.storyboard in Resources */ = {isa = PBXBuildFile; fileRef = E439F414246E2DC100D970CB /* LaunchScreen.storyboard */; };
		E439F41E246E3A4700D970CB /* PostCell.swift in Sources */ = {isa = PBXBuildFile; fileRef = E439F41D246E3A4700D970CB /* PostCell.swift */; };
		E43EB9502504F5A2002F3F40 /* PostDetailView.swift in Sources */ = {isa = PBXBuildFile; fileRef = E43EB94F2504F5A2002F3F40 /* PostDetailView.swift */; };
		E43EB9522504F96B002F3F40 /* HomeNavigationBar.swift in Sources */ = {isa = PBXBuildFile; fileRef = E43EB9512504F96B002F3F40 /* HomeNavigationBar.swift */; };
		E43EB95425051A84002F3F40 /* HomeView.swift in Sources */ = {isa = PBXBuildFile; fileRef = E43EB95325051A84002F3F40 /* HomeView.swift */; };
		E43EB95625051E33002F3F40 /* UserData.swift in Sources */ = {isa = PBXBuildFile; fileRef = E43EB95525051E33002F3F40 /* UserData.swift */; };
		E441EADE25048EDB004C2C07 /* PostImageCell.swift in Sources */ = {isa = PBXBuildFile; fileRef = E441EADD25048EDB004C2C07 /* PostImageCell.swift */; };
/* End PBXBuildFile section */

/* Begin PBXFileReference section */
		E4232490246E439600BB9B7A /* 8697cf1ely8gashxj3b09j20u00u040v.jpg */ = {isa = PBXFileReference; lastKnownFileType = image.jpeg; path = 8697cf1ely8gashxj3b09j20u00u040v.jpg; sourceTree = "<group>"; };
		E4232491246E439600BB9B7A /* d0c21786ly1gavj2c0kcej20c8096dh7.jpg */ = {isa = PBXFileReference; lastKnownFileType = image.jpeg; path = d0c21786ly1gavj2c0kcej20c8096dh7.jpg; sourceTree = "<group>"; };
		E4232492246E439600BB9B7A /* 6ec3b446jw1e8qgp5bmzyj2050050aa8.jpg */ = {isa = PBXFileReference; lastKnownFileType = image.jpeg; path = 6ec3b446jw1e8qgp5bmzyj2050050aa8.jpg; sourceTree = "<group>"; };
		E4232493246E439600BB9B7A /* 8a0b5544jw1e8qgp5bmzyj2050050aa8.jpg */ = {isa = PBXFileReference; lastKnownFileType = image.jpeg; path = 8a0b5544jw1e8qgp5bmzyj2050050aa8.jpg; sourceTree = "<group>"; };
		E4232494246E439600BB9B7A /* bca7fdafly1gax1gqdg6qj20c80avdgl.jpg */ = {isa = PBXFileReference; lastKnownFileType = image.jpeg; path = bca7fdafly1gax1gqdg6qj20c80avdgl.jpg; sourceTree = "<group>"; };
		E4232495246E439600BB9B7A /* 9dc7402fjw1e8qgp5bmzyj2050050aa8.jpg */ = {isa = PBXFileReference; lastKnownFileType = image.jpeg; path = 9dc7402fjw1e8qgp5bmzyj2050050aa8.jpg; sourceTree = "<group>"; };
		E4232496246E439600BB9B7A /* eb5c94aegy1gav25n5ibjj20zk1h8wuu.jpg */ = {isa = PBXFileReference; lastKnownFileType = image.jpeg; path = eb5c94aegy1gav25n5ibjj20zk1h8wuu.jpg; sourceTree = "<group>"; };
		E4232497246E439600BB9B7A /* 006gWxMEly1gavap8dywoj30hs0bwq48.jpg */ = {isa = PBXFileReference; lastKnownFileType = image.jpeg; path = 006gWxMEly1gavap8dywoj30hs0bwq48.jpg; sourceTree = "<group>"; };
		E4232498246E439600BB9B7A /* 630584a6gy1gau54zl806j20m80etmzo.jpg */ = {isa = PBXFileReference; lastKnownFileType = image.jpeg; path = 630584a6gy1gau54zl806j20m80etmzo.jpg; sourceTree = "<group>"; };
		E4232499246E439600BB9B7A /* 9dc7402fgy1gavd38wwlrj20j60nyq6y.jpg */ = {isa = PBXFileReference; lastKnownFileType = image.jpeg; path = 9dc7402fgy1gavd38wwlrj20j60nyq6y.jpg; sourceTree = "<group>"; };
		E423249A246E439600BB9B7A /* 8a0b5544gy1gauy2flua6j20u00hitab.jpg */ = {isa = PBXFileReference; lastKnownFileType = image.jpeg; path = 8a0b5544gy1gauy2flua6j20u00hitab.jpg; sourceTree = "<group>"; };
		E423249B246E439600BB9B7A /* 7f9147a5ly1fzxlh4ovuej20e90fl4fo.jpg */ = {isa = PBXFileReference; lastKnownFileType = image.jpeg; path = 7f9147a5ly1fzxlh4ovuej20e90fl4fo.jpg; sourceTree = "<group>"; };
		E423249C246E439600BB9B7A /* 7f9147a5ly1fzxlgxgzpij20e90fltsj.jpg */ = {isa = PBXFileReference; lastKnownFileType = image.jpeg; path = 7f9147a5ly1fzxlgxgzpij20e90fltsj.jpg; sourceTree = "<group>"; };
		E423249D246E439600BB9B7A /* 76297935ly1gatz8obqvkj22c0340npe.jpg */ = {isa = PBXFileReference; lastKnownFileType = image.jpeg; path = 76297935ly1gatz8obqvkj22c0340npe.jpg; sourceTree = "<group>"; };
		E423249E246E439600BB9B7A /* d0c21786ly8fsax1ftiifj20ro0ro43g.jpg */ = {isa = PBXFileReference; lastKnownFileType = image.jpeg; path = d0c21786ly8fsax1ftiifj20ro0ro43g.jpg; sourceTree = "<group>"; };
		E423249F246E439600BB9B7A /* 9dc7402fgy1gavd38kqjtj20j60nyn1d.jpg */ = {isa = PBXFileReference; lastKnownFileType = image.jpeg; path = 9dc7402fgy1gavd38kqjtj20j60nyn1d.jpg; sourceTree = "<group>"; };
		E42324A0246E439600BB9B7A /* 6a2afec3gy1gaulykcejqj20t5145wns.jpg */ = {isa = PBXFileReference; lastKnownFileType = image.jpeg; path = 6a2afec3gy1gaulykcejqj20t5145wns.jpg; sourceTree = "<group>"; };
		E42324A1246E439600BB9B7A /* 4e7f0c83gy1gam2mp0x4pj22tc240u0x.jpg */ = {isa = PBXFileReference; lastKnownFileType = image.jpeg; path = 4e7f0c83gy1gam2mp0x4pj22tc240u0x.jpg; sourceTree = "<group>"; };
		E42324A2246E439600BB9B7A /* c5aa834fgy1gauzrb7s5ej20tz13qh5x.jpg */ = {isa = PBXFileReference; lastKnownFileType = image.jpeg; path = c5aa834fgy1gauzrb7s5ej20tz13qh5x.jpg; sourceTree = "<group>"; };
		E42324A3246E439600BB9B7A /* 700a34f6gy1gaunswxtlrj20j60pkgok.jpg */ = {isa = PBXFileReference; lastKnownFileType = image.jpeg; path = 700a34f6gy1gaunswxtlrj20j60pkgok.jpg; sourceTree = "<group>"; };
		E42324A4246E439600BB9B7A /* 8a0b5544gy1gauy2ex786j20u0129aed.jpg */ = {isa = PBXFileReference; lastKnownFileType = image.jpeg; path = 8a0b5544gy1gauy2ex786j20u0129aed.jpg; sourceTree = "<group>"; };
		E42324A5246E439600BB9B7A /* 76297935ly1gatz89dzblj23402c0qv6.jpg */ = {isa = PBXFileReference; lastKnownFileType = image.jpeg; path = 76297935ly1gatz89dzblj23402c0qv6.jpg; sourceTree = "<group>"; };
		E42324A6246E439600BB9B7A /* 700a34f6gy1gaunswy5qnj20j60pkadk.jpg */ = {isa = PBXFileReference; lastKnownFileType = image.jpeg; path = 700a34f6gy1gaunswy5qnj20j60pkadk.jpg; sourceTree = "<group>"; };
		E42324A7246E439600BB9B7A /* bca7fdafgw1ekhkps65b1j2050050dg4.jpg */ = {isa = PBXFileReference; lastKnownFileType = image.jpeg; path = bca7fdafgw1ekhkps65b1j2050050dg4.jpg; sourceTree = "<group>"; };
		E42324A8246E439600BB9B7A /* PostListData_recommend_1.json */ = {isa = PBXFileReference; fileEncoding = 4; lastKnownFileType = text.json; path = PostListData_recommend_1.json; sourceTree = "<group>"; };
		E42324A9246E439600BB9B7A /* 006gWxMEly8g0bjpl3ynij30kv0kv773.jpg */ = {isa = PBXFileReference; lastKnownFileType = image.jpeg; path = 006gWxMEly8g0bjpl3ynij30kv0kv773.jpg; sourceTree = "<group>"; };
		E42324AA246E439600BB9B7A /* 6ec3b446gy1gavd51jc4lj20j60pmwhl.jpg */ = {isa = PBXFileReference; lastKnownFileType = image.jpeg; path = 6ec3b446gy1gavd51jc4lj20j60pmwhl.jpg; sourceTree = "<group>"; };
		E42324AB246E439600BB9B7A /* 006gWxMEly1gavap88gttj30hs0a0dgf.jpg */ = {isa = PBXFileReference; lastKnownFileType = image.jpeg; path = 006gWxMEly1gavap88gttj30hs0a0dgf.jpg; sourceTree = "<group>"; };
		E42324AC246E439600BB9B7A /* 4e7f0c83gy1gam2ml6nucj22tc240kjl.jpg */ = {isa = PBXFileReference; lastKnownFileType = image.jpeg; path = 4e7f0c83gy1gam2ml6nucj22tc240kjl.jpg; sourceTree = "<group>"; };
		E42324AD246E439600BB9B7A /* 4e7f0c83gy1gam2misv31j21hc0u016k.jpg */ = {isa = PBXFileReference; lastKnownFileType = image.jpeg; path = 4e7f0c83gy1gam2misv31j21hc0u016k.jpg; sourceTree = "<group>"; };
		E42324AE246E439600BB9B7A /* 8a0b5544gy1gauy2gmkg9j20u00gegnp.jpg */ = {isa = PBXFileReference; lastKnownFileType = image.jpeg; path = 8a0b5544gy1gauy2gmkg9j20u00gegnp.jpg; sourceTree = "<group>"; };
		E42324AF246E439600BB9B7A /* 006gWxMEly1gavap8vsqaj30hs0bwgm6.jpg */ = {isa = PBXFileReference; lastKnownFileType = image.jpeg; path = 006gWxMEly1gavap8vsqaj30hs0bwgm6.jpg; sourceTree = "<group>"; };
		E42324B0246E439600BB9B7A /* 648ed25bjw8est9nqrtnij20500503yr.jpg */ = {isa = PBXFileReference; lastKnownFileType = image.jpeg; path = 648ed25bjw8est9nqrtnij20500503yr.jpg; sourceTree = "<group>"; };
		E42324B1246E439600BB9B7A /* eb5c94aegy1gav25ox6dvj20u00k1go9.jpg */ = {isa = PBXFileReference; lastKnownFileType = image.jpeg; path = eb5c94aegy1gav25ox6dvj20u00k1go9.jpg; sourceTree = "<group>"; };
		E42324B2246E439600BB9B7A /* 8a0b5544gy1gauy2g35yoj20u00fomzf.jpg */ = {isa = PBXFileReference; lastKnownFileType = image.jpeg; path = 8a0b5544gy1gauy2g35yoj20u00fomzf.jpg; sourceTree = "<group>"; };
		E42324B3246E439600BB9B7A /* 006PdkDoly8ffywe2fq39j304g04gwed.jpg */ = {isa = PBXFileReference; lastKnownFileType = image.jpeg; path = 006PdkDoly8ffywe2fq39j304g04gwed.jpg; sourceTree = "<group>"; };
		E42324B4246E439600BB9B7A /* 700a34f6gy1gaunsxgzixj20j60edmz8.jpg */ = {isa = PBXFileReference; lastKnownFileType = image.jpeg; path = 700a34f6gy1gaunsxgzixj20j60edmz8.jpg; sourceTree = "<group>"; };
		E42324B5246E439600BB9B7A /* bca7fdafly1gax1gqdnboj20c80atmxp.jpg */ = {isa = PBXFileReference; lastKnownFileType = image.jpeg; path = bca7fdafly1gax1gqdnboj20c80atmxp.jpg; sourceTree = "<group>"; };
		E42324B6246E439600BB9B7A /* c5aa834fgy1gauzr6venkj20u01hc12f.jpg */ = {isa = PBXFileReference; lastKnownFileType = image.jpeg; path = c5aa834fgy1gauzr6venkj20u01hc12f.jpg; sourceTree = "<group>"; };
		E42324B7246E439600BB9B7A /* 7f9147a5ly1fzxlh6hzdnj20e90fl7me.jpg */ = {isa = PBXFileReference; lastKnownFileType = image.jpeg; path = 7f9147a5ly1fzxlh6hzdnj20e90fl7me.jpg; sourceTree = "<group>"; };
		E42324B8246E439600BB9B7A /* 630584a6gy1gau54zm4dtj20m80dftbv.jpg */ = {isa = PBXFileReference; lastKnownFileType = image.jpeg; path = 630584a6gy1gau54zm4dtj20m80dftbv.jpg; sourceTree = "<group>"; };
		E42324B9246E439600BB9B7A /* c5aa834fgy1gauzr86bp5j20pb0w47in.jpg */ = {isa = PBXFileReference; lastKnownFileType = image.jpeg; path = c5aa834fgy1gauzr86bp5j20pb0w47in.jpg; sourceTree = "<group>"; };
		E42324BA246E439600BB9B7A /* 9dc7402fgy1gavd39ba15j20j60nywii.jpg */ = {isa = PBXFileReference; lastKnownFileType = image.jpeg; path = 9dc7402fgy1gavd39ba15j20j60nywii.jpg; sourceTree = "<group>"; };
		E42324BB246E439600BB9B7A /* bca7fdafly1gax1gqfgsjj20c80axaay.jpg */ = {isa = PBXFileReference; lastKnownFileType = image.jpeg; path = bca7fdafly1gax1gqfgsjj20c80axaay.jpg; sourceTree = "<group>"; };
		E42324BC246E439600BB9B7A /* c5aa834fly8g97m8ix9lcj20re0regnk.jpg */ = {isa = PBXFileReference; lastKnownFileType = image.jpeg; path = c5aa834fly8g97m8ix9lcj20re0regnk.jpg; sourceTree = "<group>"; };
		E42324BD246E439600BB9B7A /* 700a34f6ly8g9a29rjt92j20fn0iqdg8.jpg */ = {isa = PBXFileReference; lastKnownFileType = image.jpeg; path = 700a34f6ly8g9a29rjt92j20fn0iqdg8.jpg; sourceTree = "<group>"; };
		E42324BE246E439600BB9B7A /* d0c21786ly1gavj2cdrkyj20c80720tg.jpg */ = {isa = PBXFileReference; lastKnownFileType = image.jpeg; path = d0c21786ly1gavj2cdrkyj20c80720tg.jpg; sourceTree = "<group>"; };
		E42324BF246E439600BB9B7A /* bca7fdafly1gax1gqehdaj20c80atq3x.jpg */ = {isa = PBXFileReference; lastKnownFileType = image.jpeg; path = bca7fdafly1gax1gqehdaj20c80atq3x.jpg; sourceTree = "<group>"; };
		E42324C0246E439600BB9B7A /* d0c21786ly1gavj2d17d9j20c808zq3r.jpg */ = {isa = PBXFileReference; lastKnownFileType = image.jpeg; path = d0c21786ly1gavj2d17d9j20c808zq3r.jpg; sourceTree = "<group>"; };
		E42324C1246E439600BB9B7A /* 8a0b5544gy1gauy2gz000j20u00n6wgj.jpg */ = {isa = PBXFileReference; lastKnownFileType = image.jpeg; path = 8a0b5544gy1gauy2gz000j20u00n6wgj.jpg; sourceTree = "<group>"; };
		E42324C2246E439600BB9B7A /* 006PdkDogy1gap6ngj12ej30u011itf7.jpg */ = {isa = PBXFileReference; lastKnownFileType = image.jpeg; path = 006PdkDogy1gap6ngj12ej30u011itf7.jpg; sourceTree = "<group>"; };
		E42324C3246E439600BB9B7A /* 700a34f6gy1gaunsx2jywj20j60pkaeu.jpg */ = {isa = PBXFileReference; lastKnownFileType = image.jpeg; path = 700a34f6gy1gaunsx2jywj20j60pkaeu.jpg; sourceTree = "<group>"; };
		E42324C4246E439600BB9B7A /* 4e7f0c83gy1gam2mr1b81j22tc2407wi.jpg */ = {isa = PBXFileReference; lastKnownFileType = image.jpeg; path = 4e7f0c83gy1gam2mr1b81j22tc2407wi.jpg; sourceTree = "<group>"; };
		E42324C5246E439600BB9B7A /* 6a2afec3jw8fb4ld0qf2gj20e80dsdfz.jpg */ = {isa = PBXFileReference; lastKnownFileType = image.jpeg; path = 6a2afec3jw8fb4ld0qf2gj20e80dsdfz.jpg; sourceTree = "<group>"; };
		E42324C6246E439600BB9B7A /* bca7fdafly1gax1gqd9vmj20c80ayaam.jpg */ = {isa = PBXFileReference; lastKnownFileType = image.jpeg; path = bca7fdafly1gax1gqd9vmj20c80ayaam.jpg; sourceTree = "<group>"; };
		E42324C7246E439600BB9B7A /* 8a0b5544gy1gauy2hcozsj20u01czdiy.jpg */ = {isa = PBXFileReference; lastKnownFileType = image.jpeg; path = 8a0b5544gy1gauy2hcozsj20u01czdiy.jpg; sourceTree = "<group>"; };
		E42324C8246E439600BB9B7A /* c5aa834fgy1gauzr95r6fj20tw0l3dq4.jpg */ = {isa = PBXFileReference; lastKnownFileType = image.jpeg; path = c5aa834fgy1gauzr95r6fj20tw0l3dq4.jpg; sourceTree = "<group>"; };
		E42324C9246E439600BB9B7A /* 006PdkDogy1gap6ngiyn3j30u011idle.jpg */ = {isa = PBXFileReference; lastKnownFileType = image.jpeg; path = 006PdkDogy1gap6ngiyn3j30u011idle.jpg; sourceTree = "<group>"; };
		E42324CA246E439600BB9B7A /* d0c21786ly1gavj2btv6tj20c80790tg.jpg */ = {isa = PBXFileReference; lastKnownFileType = image.jpeg; path = d0c21786ly1gavj2btv6tj20c80790tg.jpg; sourceTree = "<group>"; };
		E42324CB246E439600BB9B7A /* PostListData_hot_1.json */ = {isa = PBXFileReference; fileEncoding = 4; lastKnownFileType = text.json; path = PostListData_hot_1.json; sourceTree = "<group>"; };
		E42324CC246E439600BB9B7A /* eb5c94aely8fmvumnl9baj20v90v9q49.jpg */ = {isa = PBXFileReference; lastKnownFileType = image.jpeg; path = eb5c94aely8fmvumnl9baj20v90v9q49.jpg; sourceTree = "<group>"; };
		E42324CD246E439600BB9B7A /* 630584a6ly8fqs5wwkkmrj20ku0kuta7.jpg */ = {isa = PBXFileReference; lastKnownFileType = image.jpeg; path = 630584a6ly8fqs5wwkkmrj20ku0kuta7.jpg; sourceTree = "<group>"; };
		E42324CE246E439600BB9B7A /* d0c21786ly1gavj2cowp9j20c8083ab4.jpg */ = {isa = PBXFileReference; lastKnownFileType = image.jpeg; path = d0c21786ly1gavj2cowp9j20c8083ab4.jpg; sourceTree = "<group>"; };
		E42324CF246E439600BB9B7A /* 9dc7402fgy1gavd367p0pj20j60nywic.jpg */ = {isa = PBXFileReference; lastKnownFileType = image.jpeg; path = 9dc7402fgy1gavd367p0pj20j60nywic.jpg; sourceTree = "<group>"; };
		E42324D0246E439600BB9B7A /* 006gWxMEly1gavap86qr9j30ht0qo40t.jpg */ = {isa = PBXFileReference; lastKnownFileType = image.jpeg; path = 006gWxMEly1gavap86qr9j30ht0qo40t.jpg; sourceTree = "<group>"; };
		E42324D1246E439600BB9B7A /* 76297935ly1gatz8k5itij22c02c01ky.jpg */ = {isa = PBXFileReference; lastKnownFileType = image.jpeg; path = 76297935ly1gatz8k5itij22c02c01ky.jpg; sourceTree = "<group>"; };
		E42324D2246E439600BB9B7A /* 76297935ly1gatz8g5rvxj22c03401kz.jpg */ = {isa = PBXFileReference; lastKnownFileType = image.jpeg; path = 76297935ly1gatz8g5rvxj22c03401kz.jpg; sourceTree = "<group>"; };
		E42324D3246E439600BB9B7A /* 700a34f6gy1gaunsxhp4pj20j60pkn1k.jpg */ = {isa = PBXFileReference; lastKnownFileType = image.jpeg; path = 700a34f6gy1gaunsxhp4pj20j60pkn1k.jpg; sourceTree = "<group>"; };
		E42324D4246E439600BB9B7A /* eb5c94aegy1gav2509cp5j20zk0k0n2j.jpg */ = {isa = PBXFileReference; lastKnownFileType = image.jpeg; path = eb5c94aegy1gav2509cp5j20zk0k0n2j.jpg; sourceTree = "<group>"; };
		E42324D5246E439600BB9B7A /* 4e7f0c83gy1gam2mn58d3j22tc240qv5.jpg */ = {isa = PBXFileReference; lastKnownFileType = image.jpeg; path = 4e7f0c83gy1gam2mn58d3j22tc240qv5.jpg; sourceTree = "<group>"; };
		E42324D6246E439600BB9B7A /* eb5c94aegy1gav26fycwlj20zk1h8drh.jpg */ = {isa = PBXFileReference; lastKnownFileType = image.jpeg; path = eb5c94aegy1gav26fycwlj20zk1h8drh.jpg; sourceTree = "<group>"; };
		E42324D7246E439600BB9B7A /* 630584a6gy1gau54zyj61j20m80etn07.jpg */ = {isa = PBXFileReference; lastKnownFileType = image.jpeg; path = 630584a6gy1gau54zyj61j20m80etn07.jpg; sourceTree = "<group>"; };
		E42324D8246E439600BB9B7A /* c5aa834fgy1gauzr8ok78j20tz12fk8w.jpg */ = {isa = PBXFileReference; lastKnownFileType = image.jpeg; path = c5aa834fgy1gauzr8ok78j20tz12fk8w.jpg; sourceTree = "<group>"; };
		E42324D9246E439600BB9B7A /* 76297935ly8g4phfkq68hj20u00u0mzt.jpg */ = {isa = PBXFileReference; lastKnownFileType = image.jpeg; path = 76297935ly8g4phfkq68hj20u00u0mzt.jpg; sourceTree = "<group>"; };
		E42324DA246E439600BB9B7A /* 9dc7402fgy1gavd37l9nwj20j60ny44q.jpg */ = {isa = PBXFileReference; lastKnownFileType = image.jpeg; path = 9dc7402fgy1gavd37l9nwj20j60ny44q.jpg; sourceTree = "<group>"; };
		E42324DB246E439600BB9B7A /* 700a34f6gy1gaunswwui7j20j60pl78e.jpg */ = {isa = PBXFileReference; lastKnownFileType = image.jpeg; path = 700a34f6gy1gaunswwui7j20j60pl78e.jpg; sourceTree = "<group>"; };
		E42324DC246E439600BB9B7A /* 630584a6gy1gau54zgaxhj20m80et0vq.jpg */ = {isa = PBXFileReference; lastKnownFileType = image.jpeg; path = 630584a6gy1gau54zgaxhj20m80et0vq.jpg; sourceTree = "<group>"; };
		E42324DD246E439600BB9B7A /* 4e7f0c83gy1gam2mjhk8zj21hc0v6wnx.jpg */ = {isa = PBXFileReference; lastKnownFileType = image.jpeg; path = 4e7f0c83gy1gam2mjhk8zj21hc0v6wnx.jpg; sourceTree = "<group>"; };
		E42324DE246E439600BB9B7A /* 6ec3b446gy1gavd4xud8lj20j60qkwj0.jpg */ = {isa = PBXFileReference; lastKnownFileType = image.jpeg; path = 6ec3b446gy1gavd4xud8lj20j60qkwj0.jpg; sourceTree = "<group>"; };
		E42324DF246E439600BB9B7A /* 4e7f0c83ly8g1ho507078j20ro0rojtq.jpg */ = {isa = PBXFileReference; lastKnownFileType = image.jpeg; path = 4e7f0c83ly8g1ho507078j20ro0rojtq.jpg; sourceTree = "<group>"; };
		E42324E0246E439700BB9B7A /* bca7fdafly1gax1gqdhouj20c80axaam.jpg */ = {isa = PBXFileReference; lastKnownFileType = image.jpeg; path = bca7fdafly1gax1gqdhouj20c80axaam.jpg; sourceTree = "<group>"; };
		E42324E1246E439700BB9B7A /* 6ec3b446gy1gavd523embj20j60pytd6.jpg */ = {isa = PBXFileReference; lastKnownFileType = image.jpeg; path = 6ec3b446gy1gavd523embj20j60pytd6.jpg; sourceTree = "<group>"; };
		E42324E2246E439700BB9B7A /* 005tnxzUly8gab4i2r73xj30u00u0js8.jpg */ = {isa = PBXFileReference; lastKnownFileType = image.jpeg; path = 005tnxzUly8gab4i2r73xj30u00u0js8.jpg; sourceTree = "<group>"; };
		E4232536246E5F8700BB9B7A /* PostVIPBadge.swift */ = {isa = PBXFileReference; lastKnownFileType = sourcecode.swift; path = PostVIPBadge.swift; sourceTree = "<group>"; };
		E4232538246E614600BB9B7A /* Post.swift */ = {isa = PBXFileReference; lastKnownFileType = sourcecode.swift; path = Post.swift; sourceTree = "<group>"; };
		E423253A246E7EBA00BB9B7A /* PostCellToolbarButton.swift */ = {isa = PBXFileReference; lastKnownFileType = sourcecode.swift; path = PostCellToolbarButton.swift; sourceTree = "<group>"; };
		E423253C246E8FD300BB9B7A /* PostListView.swift */ = {isa = PBXFileReference; lastKnownFileType = sourcecode.swift; path = PostListView.swift; sourceTree = "<group>"; };
		E439F406246E2DBF00D970CB /* WeiboDemo.app */ = {isa = PBXFileReference; explicitFileType = wrapper.application; includeInIndex = 0; path = WeiboDemo.app; sourceTree = BUILT_PRODUCTS_DIR; };
		E439F409246E2DBF00D970CB /* AppDelegate.swift */ = {isa = PBXFileReference; lastKnownFileType = sourcecode.swift; path = AppDelegate.swift; sourceTree = "<group>"; };
		E439F40B246E2DBF00D970CB /* SceneDelegate.swift */ = {isa = PBXFileReference; lastKnownFileType = sourcecode.swift; path = SceneDelegate.swift; sourceTree = "<group>"; };
		E439F40D246E2DBF00D970CB /* ContentView.swift */ = {isa = PBXFileReference; lastKnownFileType = sourcecode.swift; path = ContentView.swift; sourceTree = "<group>"; };
		E439F40F246E2DC100D970CB /* Assets.xcassets */ = {isa = PBXFileReference; lastKnownFileType = folder.assetcatalog; path = Assets.xcassets; sourceTree = "<group>"; };
		E439F412246E2DC100D970CB /* Preview Assets.xcassets */ = {isa = PBXFileReference; lastKnownFileType = folder.assetcatalog; path = "Preview Assets.xcassets"; sourceTree = "<group>"; };
		E439F415246E2DC100D970CB /* Base */ = {isa = PBXFileReference; lastKnownFileType = file.storyboard; name = Base; path = Base.lproj/LaunchScreen.storyboard; sourceTree = "<group>"; };
		E439F417246E2DC100D970CB /* Info.plist */ = {isa = PBXFileReference; lastKnownFileType = text.plist.xml; path = Info.plist; sourceTree = "<group>"; };
		E439F41D246E3A4700D970CB /* PostCell.swift */ = {isa = PBXFileReference; lastKnownFileType = sourcecode.swift; path = PostCell.swift; sourceTree = "<group>"; };
		E43EB94F2504F5A2002F3F40 /* PostDetailView.swift */ = {isa = PBXFileReference; lastKnownFileType = sourcecode.swift; path = PostDetailView.swift; sourceTree = "<group>"; };
		E43EB9512504F96B002F3F40 /* HomeNavigationBar.swift */ = {isa = PBXFileReference; lastKnownFileType = sourcecode.swift; path = HomeNavigationBar.swift; sourceTree = "<group>"; };
		E43EB95325051A84002F3F40 /* HomeView.swift */ = {isa = PBXFileReference; lastKnownFileType = sourcecode.swift; path = HomeView.swift; sourceTree = "<group>"; };
		E43EB95525051E33002F3F40 /* UserData.swift */ = {isa = PBXFileReference; lastKnownFileType = sourcecode.swift; path = UserData.swift; sourceTree = "<group>"; };
		E441EADD25048EDB004C2C07 /* PostImageCell.swift */ = {isa = PBXFileReference; lastKnownFileType = sourcecode.swift; path = PostImageCell.swift; sourceTree = "<group>"; };
/* End PBXFileReference section */

/* Begin PBXFrameworksBuildPhase section */
		E439F403246E2DBF00D970CB /* Frameworks */ = {
			isa = PBXFrameworksBuildPhase;
			buildActionMask = 2147483647;
			files = (
			);
			runOnlyForDeploymentPostprocessing = 0;
		};
/* End PBXFrameworksBuildPhase section */

/* Begin PBXGroup section */
		E423248F246E439600BB9B7A /* Resources */ = {
			isa = PBXGroup;
			children = (
				E4232490246E439600BB9B7A /* 8697cf1ely8gashxj3b09j20u00u040v.jpg */,
				E4232491246E439600BB9B7A /* d0c21786ly1gavj2c0kcej20c8096dh7.jpg */,
				E4232492246E439600BB9B7A /* 6ec3b446jw1e8qgp5bmzyj2050050aa8.jpg */,
				E4232493246E439600BB9B7A /* 8a0b5544jw1e8qgp5bmzyj2050050aa8.jpg */,
				E4232494246E439600BB9B7A /* bca7fdafly1gax1gqdg6qj20c80avdgl.jpg */,
				E4232495246E439600BB9B7A /* 9dc7402fjw1e8qgp5bmzyj2050050aa8.jpg */,
				E4232496246E439600BB9B7A /* eb5c94aegy1gav25n5ibjj20zk1h8wuu.jpg */,
				E4232497246E439600BB9B7A /* 006gWxMEly1gavap8dywoj30hs0bwq48.jpg */,
				E4232498246E439600BB9B7A /* 630584a6gy1gau54zl806j20m80etmzo.jpg */,
				E4232499246E439600BB9B7A /* 9dc7402fgy1gavd38wwlrj20j60nyq6y.jpg */,
				E423249A246E439600BB9B7A /* 8a0b5544gy1gauy2flua6j20u00hitab.jpg */,
				E423249B246E439600BB9B7A /* 7f9147a5ly1fzxlh4ovuej20e90fl4fo.jpg */,
				E423249C246E439600BB9B7A /* 7f9147a5ly1fzxlgxgzpij20e90fltsj.jpg */,
				E423249D246E439600BB9B7A /* 76297935ly1gatz8obqvkj22c0340npe.jpg */,
				E423249E246E439600BB9B7A /* d0c21786ly8fsax1ftiifj20ro0ro43g.jpg */,
				E423249F246E439600BB9B7A /* 9dc7402fgy1gavd38kqjtj20j60nyn1d.jpg */,
				E42324A0246E439600BB9B7A /* 6a2afec3gy1gaulykcejqj20t5145wns.jpg */,
				E42324A1246E439600BB9B7A /* 4e7f0c83gy1gam2mp0x4pj22tc240u0x.jpg */,
				E42324A2246E439600BB9B7A /* c5aa834fgy1gauzrb7s5ej20tz13qh5x.jpg */,
				E42324A3246E439600BB9B7A /* 700a34f6gy1gaunswxtlrj20j60pkgok.jpg */,
				E42324A4246E439600BB9B7A /* 8a0b5544gy1gauy2ex786j20u0129aed.jpg */,
				E42324A5246E439600BB9B7A /* 76297935ly1gatz89dzblj23402c0qv6.jpg */,
				E42324A6246E439600BB9B7A /* 700a34f6gy1gaunswy5qnj20j60pkadk.jpg */,
				E42324A7246E439600BB9B7A /* bca7fdafgw1ekhkps65b1j2050050dg4.jpg */,
				E42324A8246E439600BB9B7A /* PostListData_recommend_1.json */,
				E42324A9246E439600BB9B7A /* 006gWxMEly8g0bjpl3ynij30kv0kv773.jpg */,
				E42324AA246E439600BB9B7A /* 6ec3b446gy1gavd51jc4lj20j60pmwhl.jpg */,
				E42324AB246E439600BB9B7A /* 006gWxMEly1gavap88gttj30hs0a0dgf.jpg */,
				E42324AC246E439600BB9B7A /* 4e7f0c83gy1gam2ml6nucj22tc240kjl.jpg */,
				E42324AD246E439600BB9B7A /* 4e7f0c83gy1gam2misv31j21hc0u016k.jpg */,
				E42324AE246E439600BB9B7A /* 8a0b5544gy1gauy2gmkg9j20u00gegnp.jpg */,
				E42324AF246E439600BB9B7A /* 006gWxMEly1gavap8vsqaj30hs0bwgm6.jpg */,
				E42324B0246E439600BB9B7A /* 648ed25bjw8est9nqrtnij20500503yr.jpg */,
				E42324B1246E439600BB9B7A /* eb5c94aegy1gav25ox6dvj20u00k1go9.jpg */,
				E42324B2246E439600BB9B7A /* 8a0b5544gy1gauy2g35yoj20u00fomzf.jpg */,
				E42324B3246E439600BB9B7A /* 006PdkDoly8ffywe2fq39j304g04gwed.jpg */,
				E42324B4246E439600BB9B7A /* 700a34f6gy1gaunsxgzixj20j60edmz8.jpg */,
				E42324B5246E439600BB9B7A /* bca7fdafly1gax1gqdnboj20c80atmxp.jpg */,
				E42324B6246E439600BB9B7A /* c5aa834fgy1gauzr6venkj20u01hc12f.jpg */,
				E42324B7246E439600BB9B7A /* 7f9147a5ly1fzxlh6hzdnj20e90fl7me.jpg */,
				E42324B8246E439600BB9B7A /* 630584a6gy1gau54zm4dtj20m80dftbv.jpg */,
				E42324B9246E439600BB9B7A /* c5aa834fgy1gauzr86bp5j20pb0w47in.jpg */,
				E42324BA246E439600BB9B7A /* 9dc7402fgy1gavd39ba15j20j60nywii.jpg */,
				E42324BB246E439600BB9B7A /* bca7fdafly1gax1gqfgsjj20c80axaay.jpg */,
				E42324BC246E439600BB9B7A /* c5aa834fly8g97m8ix9lcj20re0regnk.jpg */,
				E42324BD246E439600BB9B7A /* 700a34f6ly8g9a29rjt92j20fn0iqdg8.jpg */,
				E42324BE246E439600BB9B7A /* d0c21786ly1gavj2cdrkyj20c80720tg.jpg */,
				E42324BF246E439600BB9B7A /* bca7fdafly1gax1gqehdaj20c80atq3x.jpg */,
				E42324C0246E439600BB9B7A /* d0c21786ly1gavj2d17d9j20c808zq3r.jpg */,
				E42324C1246E439600BB9B7A /* 8a0b5544gy1gauy2gz000j20u00n6wgj.jpg */,
				E42324C2246E439600BB9B7A /* 006PdkDogy1gap6ngj12ej30u011itf7.jpg */,
				E42324C3246E439600BB9B7A /* 700a34f6gy1gaunsx2jywj20j60pkaeu.jpg */,
				E42324C4246E439600BB9B7A /* 4e7f0c83gy1gam2mr1b81j22tc2407wi.jpg */,
				E42324C5246E439600BB9B7A /* 6a2afec3jw8fb4ld0qf2gj20e80dsdfz.jpg */,
				E42324C6246E439600BB9B7A /* bca7fdafly1gax1gqd9vmj20c80ayaam.jpg */,
				E42324C7246E439600BB9B7A /* 8a0b5544gy1gauy2hcozsj20u01czdiy.jpg */,
				E42324C8246E439600BB9B7A /* c5aa834fgy1gauzr95r6fj20tw0l3dq4.jpg */,
				E42324C9246E439600BB9B7A /* 006PdkDogy1gap6ngiyn3j30u011idle.jpg */,
				E42324CA246E439600BB9B7A /* d0c21786ly1gavj2btv6tj20c80790tg.jpg */,
				E42324CB246E439600BB9B7A /* PostListData_hot_1.json */,
				E42324CC246E439600BB9B7A /* eb5c94aely8fmvumnl9baj20v90v9q49.jpg */,
				E42324CD246E439600BB9B7A /* 630584a6ly8fqs5wwkkmrj20ku0kuta7.jpg */,
				E42324CE246E439600BB9B7A /* d0c21786ly1gavj2cowp9j20c8083ab4.jpg */,
				E42324CF246E439600BB9B7A /* 9dc7402fgy1gavd367p0pj20j60nywic.jpg */,
				E42324D0246E439600BB9B7A /* 006gWxMEly1gavap86qr9j30ht0qo40t.jpg */,
				E42324D1246E439600BB9B7A /* 76297935ly1gatz8k5itij22c02c01ky.jpg */,
				E42324D2246E439600BB9B7A /* 76297935ly1gatz8g5rvxj22c03401kz.jpg */,
				E42324D3246E439600BB9B7A /* 700a34f6gy1gaunsxhp4pj20j60pkn1k.jpg */,
				E42324D4246E439600BB9B7A /* eb5c94aegy1gav2509cp5j20zk0k0n2j.jpg */,
				E42324D5246E439600BB9B7A /* 4e7f0c83gy1gam2mn58d3j22tc240qv5.jpg */,
				E42324D6246E439600BB9B7A /* eb5c94aegy1gav26fycwlj20zk1h8drh.jpg */,
				E42324D7246E439600BB9B7A /* 630584a6gy1gau54zyj61j20m80etn07.jpg */,
				E42324D8246E439600BB9B7A /* c5aa834fgy1gauzr8ok78j20tz12fk8w.jpg */,
				E42324D9246E439600BB9B7A /* 76297935ly8g4phfkq68hj20u00u0mzt.jpg */,
				E42324DA246E439600BB9B7A /* 9dc7402fgy1gavd37l9nwj20j60ny44q.jpg */,
				E42324DB246E439600BB9B7A /* 700a34f6gy1gaunswwui7j20j60pl78e.jpg */,
				E42324DC246E439600BB9B7A /* 630584a6gy1gau54zgaxhj20m80et0vq.jpg */,
				E42324DD246E439600BB9B7A /* 4e7f0c83gy1gam2mjhk8zj21hc0v6wnx.jpg */,
				E42324DE246E439600BB9B7A /* 6ec3b446gy1gavd4xud8lj20j60qkwj0.jpg */,
				E42324DF246E439600BB9B7A /* 4e7f0c83ly8g1ho507078j20ro0rojtq.jpg */,
				E42324E0246E439700BB9B7A /* bca7fdafly1gax1gqdhouj20c80axaam.jpg */,
				E42324E1246E439700BB9B7A /* 6ec3b446gy1gavd523embj20j60pytd6.jpg */,
				E42324E2246E439700BB9B7A /* 005tnxzUly8gab4i2r73xj30u00u0js8.jpg */,
			);
			path = Resources;
			sourceTree = "<group>";
		};
		E439F3FD246E2DBF00D970CB = {
			isa = PBXGroup;
			children = (
				E439F408246E2DBF00D970CB /* WeiboDemo */,
				E439F407246E2DBF00D970CB /* Products */,
			);
			sourceTree = "<group>";
		};
		E439F407246E2DBF00D970CB /* Products */ = {
			isa = PBXGroup;
			children = (
				E439F406246E2DBF00D970CB /* WeiboDemo.app */,
			);
			name = Products;
			sourceTree = "<group>";
		};
		E439F408246E2DBF00D970CB /* WeiboDemo */ = {
			isa = PBXGroup;
			children = (
				E423248F246E439600BB9B7A /* Resources */,
				E439F409246E2DBF00D970CB /* AppDelegate.swift */,
				E439F40B246E2DBF00D970CB /* SceneDelegate.swift */,
				E439F40D246E2DBF00D970CB /* ContentView.swift */,
				E439F41D246E3A4700D970CB /* PostCell.swift */,
				E423253A246E7EBA00BB9B7A /* PostCellToolbarButton.swift */,
				E4232538246E614600BB9B7A /* Post.swift */,
				E423253C246E8FD300BB9B7A /* PostListView.swift */,
				E43EB9512504F96B002F3F40 /* HomeNavigationBar.swift */,
				E43EB95325051A84002F3F40 /* HomeView.swift */,
				E43EB95525051E33002F3F40 /* UserData.swift */,
				E43EB94F2504F5A2002F3F40 /* PostDetailView.swift */,
				E441EADD25048EDB004C2C07 /* PostImageCell.swift */,
				E4232536246E5F8700BB9B7A /* PostVIPBadge.swift */,
				E439F40F246E2DC100D970CB /* Assets.xcassets */,
				E439F414246E2DC100D970CB /* LaunchScreen.storyboard */,
				E439F417246E2DC100D970CB /* Info.plist */,
				E439F411246E2DC100D970CB /* Preview Content */,
			);
			path = WeiboDemo;
			sourceTree = "<group>";
		};
		E439F411246E2DC100D970CB /* Preview Content */ = {
			isa = PBXGroup;
			children = (
				E439F412246E2DC100D970CB /* Preview Assets.xcassets */,
			);
			path = "Preview Content";
			sourceTree = "<group>";
		};
/* End PBXGroup section */

/* Begin PBXNativeTarget section */
		E439F405246E2DBF00D970CB /* WeiboDemo */ = {
			isa = PBXNativeTarget;
			buildConfigurationList = E439F41A246E2DC100D970CB /* Build configuration list for PBXNativeTarget "WeiboDemo" */;
			buildPhases = (
				E439F402246E2DBF00D970CB /* Sources */,
				E439F403246E2DBF00D970CB /* Frameworks */,
				E439F404246E2DBF00D970CB /* Resources */,
			);
			buildRules = (
			);
			dependencies = (
			);
			name = WeiboDemo;
			productName = WeiboDemo;
			productReference = E439F406246E2DBF00D970CB /* WeiboDemo.app */;
			productType = "com.apple.product-type.application";
		};
/* End PBXNativeTarget section */

/* Begin PBXProject section */
		E439F3FE246E2DBF00D970CB /* Project object */ = {
			isa = PBXProject;
			attributes = {
				LastSwiftUpdateCheck = 1140;
				LastUpgradeCheck = 1140;
				ORGANIZATIONNAME = song;
				TargetAttributes = {
					E439F405246E2DBF00D970CB = {
						CreatedOnToolsVersion = 11.4.1;
					};
				};
			};
			buildConfigurationList = E439F401246E2DBF00D970CB /* Build configuration list for PBXProject "WeiboDemo" */;
			compatibilityVersion = "Xcode 9.3";
			developmentRegion = en;
			hasScannedForEncodings = 0;
			knownRegions = (
				en,
				Base,
			);
			mainGroup = E439F3FD246E2DBF00D970CB;
			productRefGroup = E439F407246E2DBF00D970CB /* Products */;
			projectDirPath = "";
			projectRoot = "";
			targets = (
				E439F405246E2DBF00D970CB /* WeiboDemo */,
			);
		};
/* End PBXProject section */

/* Begin PBXResourcesBuildPhase section */
		E439F404246E2DBF00D970CB /* Resources */ = {
			isa = PBXResourcesBuildPhase;
			buildActionMask = 2147483647;
			files = (
				E42324E5246E439700BB9B7A /* 6ec3b446jw1e8qgp5bmzyj2050050aa8.jpg in Resources */,
				E4232518246E439700BB9B7A /* 6a2afec3jw8fb4ld0qf2gj20e80dsdfz.jpg in Resources */,
				E4232527246E439700BB9B7A /* eb5c94aegy1gav2509cp5j20zk0k0n2j.jpg in Resources */,
				E4232528246E439700BB9B7A /* 4e7f0c83gy1gam2mn58d3j22tc240qv5.jpg in Resources */,
				E42324F4246E439700BB9B7A /* 4e7f0c83gy1gam2mp0x4pj22tc240u0x.jpg in Resources */,
				E4232534246E439700BB9B7A /* 6ec3b446gy1gavd523embj20j60pytd6.jpg in Resources */,
				E4232501246E439700BB9B7A /* 8a0b5544gy1gauy2gmkg9j20u00gegnp.jpg in Resources */,
				E42324F7246E439700BB9B7A /* 8a0b5544gy1gauy2ex786j20u0129aed.jpg in Resources */,
				E4232512246E439700BB9B7A /* bca7fdafly1gax1gqehdaj20c80atq3x.jpg in Resources */,
				E423250A246E439700BB9B7A /* 7f9147a5ly1fzxlh6hzdnj20e90fl7me.jpg in Resources */,
				E42324E6246E439700BB9B7A /* 8a0b5544jw1e8qgp5bmzyj2050050aa8.jpg in Resources */,
				E423252A246E439700BB9B7A /* 630584a6gy1gau54zyj61j20m80etn07.jpg in Resources */,
				E423250E246E439700BB9B7A /* bca7fdafly1gax1gqfgsjj20c80axaay.jpg in Resources */,
				E42324F3246E439700BB9B7A /* 6a2afec3gy1gaulykcejqj20t5145wns.jpg in Resources */,
				E423251D246E439700BB9B7A /* d0c21786ly1gavj2btv6tj20c80790tg.jpg in Resources */,
				E4232520246E439700BB9B7A /* 630584a6ly8fqs5wwkkmrj20ku0kuta7.jpg in Resources */,
				E42324E3246E439700BB9B7A /* 8697cf1ely8gashxj3b09j20u00u040v.jpg in Resources */,
				E42324FC246E439700BB9B7A /* 006gWxMEly8g0bjpl3ynij30kv0kv773.jpg in Resources */,
				E42324EB246E439700BB9B7A /* 630584a6gy1gau54zl806j20m80etmzo.jpg in Resources */,
				E4232508246E439700BB9B7A /* bca7fdafly1gax1gqdnboj20c80atmxp.jpg in Resources */,
				E423251C246E439700BB9B7A /* 006PdkDogy1gap6ngiyn3j30u011idle.jpg in Resources */,
				E42324FA246E439700BB9B7A /* bca7fdafgw1ekhkps65b1j2050050dg4.jpg in Resources */,
				E42324ED246E439700BB9B7A /* 8a0b5544gy1gauy2flua6j20u00hitab.jpg in Resources */,
				E4232535246E439700BB9B7A /* 005tnxzUly8gab4i2r73xj30u00u0js8.jpg in Resources */,
				E423250F246E439700BB9B7A /* c5aa834fly8g97m8ix9lcj20re0regnk.jpg in Resources */,
				E42324EA246E439700BB9B7A /* 006gWxMEly1gavap8dywoj30hs0bwq48.jpg in Resources */,
				E4232502246E439700BB9B7A /* 006gWxMEly1gavap8vsqaj30hs0bwgm6.jpg in Resources */,
				E4232526246E439700BB9B7A /* 700a34f6gy1gaunsxhp4pj20j60pkn1k.jpg in Resources */,
				E42324F5246E439700BB9B7A /* c5aa834fgy1gauzrb7s5ej20tz13qh5x.jpg in Resources */,
				E42324EC246E439700BB9B7A /* 9dc7402fgy1gavd38wwlrj20j60nyq6y.jpg in Resources */,
				E42324E4246E439700BB9B7A /* d0c21786ly1gavj2c0kcej20c8096dh7.jpg in Resources */,
				E4232525246E439700BB9B7A /* 76297935ly1gatz8g5rvxj22c03401kz.jpg in Resources */,
				E4232515246E439700BB9B7A /* 006PdkDogy1gap6ngj12ej30u011itf7.jpg in Resources */,
				E42324E8246E439700BB9B7A /* 9dc7402fjw1e8qgp5bmzyj2050050aa8.jpg in Resources */,
				E423251E246E439700BB9B7A /* PostListData_hot_1.json in Resources */,
				E4232513246E439700BB9B7A /* d0c21786ly1gavj2d17d9j20c808zq3r.jpg in Resources */,
				E4232521246E439700BB9B7A /* d0c21786ly1gavj2cowp9j20c8083ab4.jpg in Resources */,
				E4232503246E439700BB9B7A /* 648ed25bjw8est9nqrtnij20500503yr.jpg in Resources */,
				E439F416246E2DC100D970CB /* LaunchScreen.storyboard in Resources */,
				E4232507246E439700BB9B7A /* 700a34f6gy1gaunsxgzixj20j60edmz8.jpg in Resources */,
				E4232523246E439700BB9B7A /* 006gWxMEly1gavap86qr9j30ht0qo40t.jpg in Resources */,
				E42324FF246E439700BB9B7A /* 4e7f0c83gy1gam2ml6nucj22tc240kjl.jpg in Resources */,
				E423251A246E439700BB9B7A /* 8a0b5544gy1gauy2hcozsj20u01czdiy.jpg in Resources */,
				E4232531246E439700BB9B7A /* 6ec3b446gy1gavd4xud8lj20j60qkwj0.jpg in Resources */,
				E4232516246E439700BB9B7A /* 700a34f6gy1gaunsx2jywj20j60pkaeu.jpg in Resources */,
				E42324F9246E439700BB9B7A /* 700a34f6gy1gaunswy5qnj20j60pkadk.jpg in Resources */,
				E439F413246E2DC100D970CB /* Preview Assets.xcassets in Resources */,
				E4232524246E439700BB9B7A /* 76297935ly1gatz8k5itij22c02c01ky.jpg in Resources */,
				E4232522246E439700BB9B7A /* 9dc7402fgy1gavd367p0pj20j60nywic.jpg in Resources */,
				E423252F246E439700BB9B7A /* 630584a6gy1gau54zgaxhj20m80et0vq.jpg in Resources */,
				E4232532246E439700BB9B7A /* 4e7f0c83ly8g1ho507078j20ro0rojtq.jpg in Resources */,
				E4232519246E439700BB9B7A /* bca7fdafly1gax1gqd9vmj20c80ayaam.jpg in Resources */,
				E42324EF246E439700BB9B7A /* 7f9147a5ly1fzxlgxgzpij20e90fltsj.jpg in Resources */,
				E423251B246E439700BB9B7A /* c5aa834fgy1gauzr95r6fj20tw0l3dq4.jpg in Resources */,
				E42324F0246E439700BB9B7A /* 76297935ly1gatz8obqvkj22c0340npe.jpg in Resources */,
				E4232510246E439700BB9B7A /* 700a34f6ly8g9a29rjt92j20fn0iqdg8.jpg in Resources */,
				E42324FD246E439700BB9B7A /* 6ec3b446gy1gavd51jc4lj20j60pmwhl.jpg in Resources */,
				E4232529246E439700BB9B7A /* eb5c94aegy1gav26fycwlj20zk1h8drh.jpg in Resources */,
				E42324F6246E439700BB9B7A /* 700a34f6gy1gaunswxtlrj20j60pkgok.jpg in Resources */,
				E423251F246E439700BB9B7A /* eb5c94aely8fmvumnl9baj20v90v9q49.jpg in Resources */,
				E4232517246E439700BB9B7A /* 4e7f0c83gy1gam2mr1b81j22tc2407wi.jpg in Resources */,
				E439F410246E2DC100D970CB /* Assets.xcassets in Resources */,
				E4232500246E439700BB9B7A /* 4e7f0c83gy1gam2misv31j21hc0u016k.jpg in Resources */,
				E423252B246E439700BB9B7A /* c5aa834fgy1gauzr8ok78j20tz12fk8w.jpg in Resources */,
				E4232511246E439700BB9B7A /* d0c21786ly1gavj2cdrkyj20c80720tg.jpg in Resources */,
				E42324E9246E439700BB9B7A /* eb5c94aegy1gav25n5ibjj20zk1h8wuu.jpg in Resources */,
				E4232530246E439700BB9B7A /* 4e7f0c83gy1gam2mjhk8zj21hc0v6wnx.jpg in Resources */,
				E423252D246E439700BB9B7A /* 9dc7402fgy1gavd37l9nwj20j60ny44q.jpg in Resources */,
				E42324E7246E439700BB9B7A /* bca7fdafly1gax1gqdg6qj20c80avdgl.jpg in Resources */,
				E423252C246E439700BB9B7A /* 76297935ly8g4phfkq68hj20u00u0mzt.jpg in Resources */,
				E4232509246E439700BB9B7A /* c5aa834fgy1gauzr6venkj20u01hc12f.jpg in Resources */,
				E4232504246E439700BB9B7A /* eb5c94aegy1gav25ox6dvj20u00k1go9.jpg in Resources */,
				E423252E246E439700BB9B7A /* 700a34f6gy1gaunswwui7j20j60pl78e.jpg in Resources */,
				E42324FE246E439700BB9B7A /* 006gWxMEly1gavap88gttj30hs0a0dgf.jpg in Resources */,
				E42324F2246E439700BB9B7A /* 9dc7402fgy1gavd38kqjtj20j60nyn1d.jpg in Resources */,
				E4232505246E439700BB9B7A /* 8a0b5544gy1gauy2g35yoj20u00fomzf.jpg in Resources */,
				E4232506246E439700BB9B7A /* 006PdkDoly8ffywe2fq39j304g04gwed.jpg in Resources */,
				E42324F1246E439700BB9B7A /* d0c21786ly8fsax1ftiifj20ro0ro43g.jpg in Resources */,
				E42324F8246E439700BB9B7A /* 76297935ly1gatz89dzblj23402c0qv6.jpg in Resources */,
				E4232514246E439700BB9B7A /* 8a0b5544gy1gauy2gz000j20u00n6wgj.jpg in Resources */,
				E423250B246E439700BB9B7A /* 630584a6gy1gau54zm4dtj20m80dftbv.jpg in Resources */,
				E4232533246E439700BB9B7A /* bca7fdafly1gax1gqdhouj20c80axaam.jpg in Resources */,
				E423250D246E439700BB9B7A /* 9dc7402fgy1gavd39ba15j20j60nywii.jpg in Resources */,
				E423250C246E439700BB9B7A /* c5aa834fgy1gauzr86bp5j20pb0w47in.jpg in Resources */,
				E42324FB246E439700BB9B7A /* PostListData_recommend_1.json in Resources */,
				E42324EE246E439700BB9B7A /* 7f9147a5ly1fzxlh4ovuej20e90fl4fo.jpg in Resources */,
			);
			runOnlyForDeploymentPostprocessing = 0;
		};
/* End PBXResourcesBuildPhase section */

/* Begin PBXSourcesBuildPhase section */
		E439F402246E2DBF00D970CB /* Sources */ = {
			isa = PBXSourcesBuildPhase;
			buildActionMask = 2147483647;
			files = (
				E43EB95625051E33002F3F40 /* UserData.swift in Sources */,
				E439F40A246E2DBF00D970CB /* AppDelegate.swift in Sources */,
				E43EB9502504F5A2002F3F40 /* PostDetailView.swift in Sources */,
				E439F40C246E2DBF00D970CB /* SceneDelegate.swift in Sources */,
				E423253D246E8FD300BB9B7A /* PostListView.swift in Sources */,
				E439F40E246E2DBF00D970CB /* ContentView.swift in Sources */,
				E423253B246E7EBA00BB9B7A /* PostCellToolbarButton.swift in Sources */,
				E4232539246E614600BB9B7A /* Post.swift in Sources */,
				E43EB9522504F96B002F3F40 /* HomeNavigationBar.swift in Sources */,
				E439F41E246E3A4700D970CB /* PostCell.swift in Sources */,
				E43EB95425051A84002F3F40 /* HomeView.swift in Sources */,
				E441EADE25048EDB004C2C07 /* PostImageCell.swift in Sources */,
				E4232537246E5F8700BB9B7A /* PostVIPBadge.swift in Sources */,
			);
			runOnlyForDeploymentPostprocessing = 0;
		};
/* End PBXSourcesBuildPhase section */

/* Begin PBXVariantGroup section */
		E439F414246E2DC100D970CB /* LaunchScreen.storyboard */ = {
			isa = PBXVariantGroup;
			children = (
				E439F415246E2DC100D970CB /* Base */,
			);
			name = LaunchScreen.storyboard;
			sourceTree = "<group>";
		};
/* End PBXVariantGroup section */

/* Begin XCBuildConfiguration section */
		E439F418246E2DC100D970CB /* Debug */ = {
			isa = XCBuildConfiguration;
			buildSettings = {
				ALWAYS_SEARCH_USER_PATHS = NO;
				CLANG_ANALYZER_NONNULL = YES;
				CLANG_ANALYZER_NUMBER_OBJECT_CONVERSION = YES_AGGRESSIVE;
				CLANG_CXX_LANGUAGE_STANDARD = "gnu++14";
				CLANG_CXX_LIBRARY = "libc++";
				CLANG_ENABLE_MODULES = YES;
				CLANG_ENABLE_OBJC_ARC = YES;
				CLANG_ENABLE_OBJC_WEAK = YES;
				CLANG_WARN_BLOCK_CAPTURE_AUTORELEASING = YES;
				CLANG_WARN_BOOL_CONVERSION = YES;
				CLANG_WARN_COMMA = YES;
				CLANG_WARN_CONSTANT_CONVERSION = YES;
				CLANG_WARN_DEPRECATED_OBJC_IMPLEMENTATIONS = YES;
				CLANG_WARN_DIRECT_OBJC_ISA_USAGE = YES_ERROR;
				CLANG_WARN_DOCUMENTATION_COMMENTS = YES;
				CLANG_WARN_EMPTY_BODY = YES;
				CLANG_WARN_ENUM_CONVERSION = YES;
				CLANG_WARN_INFINITE_RECURSION = YES;
				CLANG_WARN_INT_CONVERSION = YES;
				CLANG_WARN_NON_LITERAL_NULL_CONVERSION = YES;
				CLANG_WARN_OBJC_IMPLICIT_RETAIN_SELF = YES;
				CLANG_WARN_OBJC_LITERAL_CONVERSION = YES;
				CLANG_WARN_OBJC_ROOT_CLASS = YES_ERROR;
				CLANG_WARN_RANGE_LOOP_ANALYSIS = YES;
				CLANG_WARN_STRICT_PROTOTYPES = YES;
				CLANG_WARN_SUSPICIOUS_MOVE = YES;
				CLANG_WARN_UNGUARDED_AVAILABILITY = YES_AGGRESSIVE;
				CLANG_WARN_UNREACHABLE_CODE = YES;
				CLANG_WARN__DUPLICATE_METHOD_MATCH = YES;
				COPY_PHASE_STRIP = NO;
				DEBUG_INFORMATION_FORMAT = dwarf;
				ENABLE_STRICT_OBJC_MSGSEND = YES;
				ENABLE_TESTABILITY = YES;
				GCC_C_LANGUAGE_STANDARD = gnu11;
				GCC_DYNAMIC_NO_PIC = NO;
				GCC_NO_COMMON_BLOCKS = YES;
				GCC_OPTIMIZATION_LEVEL = 0;
				GCC_PREPROCESSOR_DEFINITIONS = (
					"DEBUG=1",
					"$(inherited)",
				);
				GCC_WARN_64_TO_32_BIT_CONVERSION = YES;
				GCC_WARN_ABOUT_RETURN_TYPE = YES_ERROR;
				GCC_WARN_UNDECLARED_SELECTOR = YES;
				GCC_WARN_UNINITIALIZED_AUTOS = YES_AGGRESSIVE;
				GCC_WARN_UNUSED_FUNCTION = YES;
				GCC_WARN_UNUSED_VARIABLE = YES;
				IPHONEOS_DEPLOYMENT_TARGET = 13.4;
				MTL_ENABLE_DEBUG_INFO = INCLUDE_SOURCE;
				MTL_FAST_MATH = YES;
				ONLY_ACTIVE_ARCH = YES;
				SDKROOT = iphoneos;
				SWIFT_ACTIVE_COMPILATION_CONDITIONS = DEBUG;
				SWIFT_OPTIMIZATION_LEVEL = "-Onone";
			};
			name = Debug;
		};
		E439F419246E2DC100D970CB /* Release */ = {
			isa = XCBuildConfiguration;
			buildSettings = {
				ALWAYS_SEARCH_USER_PATHS = NO;
				CLANG_ANALYZER_NONNULL = YES;
				CLANG_ANALYZER_NUMBER_OBJECT_CONVERSION = YES_AGGRESSIVE;
				CLANG_CXX_LANGUAGE_STANDARD = "gnu++14";
				CLANG_CXX_LIBRARY = "libc++";
				CLANG_ENABLE_MODULES = YES;
				CLANG_ENABLE_OBJC_ARC = YES;
				CLANG_ENABLE_OBJC_WEAK = YES;
				CLANG_WARN_BLOCK_CAPTURE_AUTORELEASING = YES;
				CLANG_WARN_BOOL_CONVERSION = YES;
				CLANG_WARN_COMMA = YES;
				CLANG_WARN_CONSTANT_CONVERSION = YES;
				CLANG_WARN_DEPRECATED_OBJC_IMPLEMENTATIONS = YES;
				CLANG_WARN_DIRECT_OBJC_ISA_USAGE = YES_ERROR;
				CLANG_WARN_DOCUMENTATION_COMMENTS = YES;
				CLANG_WARN_EMPTY_BODY = YES;
				CLANG_WARN_ENUM_CONVERSION = YES;
				CLANG_WARN_INFINITE_RECURSION = YES;
				CLANG_WARN_INT_CONVERSION = YES;
				CLANG_WARN_NON_LITERAL_NULL_CONVERSION = YES;
				CLANG_WARN_OBJC_IMPLICIT_RETAIN_SELF = YES;
				CLANG_WARN_OBJC_LITERAL_CONVERSION = YES;
				CLANG_WARN_OBJC_ROOT_CLASS = YES_ERROR;
				CLANG_WARN_RANGE_LOOP_ANALYSIS = YES;
				CLANG_WARN_STRICT_PROTOTYPES = YES;
				CLANG_WARN_SUSPICIOUS_MOVE = YES;
				CLANG_WARN_UNGUARDED_AVAILABILITY = YES_AGGRESSIVE;
				CLANG_WARN_UNREACHABLE_CODE = YES;
				CLANG_WARN__DUPLICATE_METHOD_MATCH = YES;
				COPY_PHASE_STRIP = NO;
				DEBUG_INFORMATION_FORMAT = "dwarf-with-dsym";
				ENABLE_NS_ASSERTIONS = NO;
				ENABLE_STRICT_OBJC_MSGSEND = YES;
				GCC_C_LANGUAGE_STANDARD = gnu11;
				GCC_NO_COMMON_BLOCKS = YES;
				GCC_WARN_64_TO_32_BIT_CONVERSION = YES;
				GCC_WARN_ABOUT_RETURN_TYPE = YES_ERROR;
				GCC_WARN_UNDECLARED_SELECTOR = YES;
				GCC_WARN_UNINITIALIZED_AUTOS = YES_AGGRESSIVE;
				GCC_WARN_UNUSED_FUNCTION = YES;
				GCC_WARN_UNUSED_VARIABLE = YES;
				IPHONEOS_DEPLOYMENT_TARGET = 13.4;
				MTL_ENABLE_DEBUG_INFO = NO;
				MTL_FAST_MATH = YES;
				SDKROOT = iphoneos;
				SWIFT_COMPILATION_MODE = wholemodule;
				SWIFT_OPTIMIZATION_LEVEL = "-O";
				VALIDATE_PRODUCT = YES;
			};
			name = Release;
		};
		E439F41B246E2DC100D970CB /* Debug */ = {
			isa = XCBuildConfiguration;
			buildSettings = {
				ASSETCATALOG_COMPILER_APPICON_NAME = AppIcon;
				CODE_SIGN_STYLE = Automatic;
				DEVELOPMENT_ASSET_PATHS = "\"WeiboDemo/Preview Content\"";
				DEVELOPMENT_TEAM = 68PFVD27Z6;
				ENABLE_PREVIEWS = YES;
				INFOPLIST_FILE = WeiboDemo/Info.plist;
				LD_RUNPATH_SEARCH_PATHS = (
					"$(inherited)",
					"@executable_path/Frameworks",
				);
				PRODUCT_BUNDLE_IDENTIFIER = com.song.WeiboDemo;
				PRODUCT_NAME = "$(TARGET_NAME)";
				SWIFT_VERSION = 5.0;
				TARGETED_DEVICE_FAMILY = "1,2";
			};
			name = Debug;
		};
		E439F41C246E2DC100D970CB /* Release */ = {
			isa = XCBuildConfiguration;
			buildSettings = {
				ASSETCATALOG_COMPILER_APPICON_NAME = AppIcon;
				CODE_SIGN_STYLE = Automatic;
				DEVELOPMENT_ASSET_PATHS = "\"WeiboDemo/Preview Content\"";
				DEVELOPMENT_TEAM = 68PFVD27Z6;
				ENABLE_PREVIEWS = YES;
				INFOPLIST_FILE = WeiboDemo/Info.plist;
				LD_RUNPATH_SEARCH_PATHS = (
					"$(inherited)",
					"@executable_path/Frameworks",
				);
				PRODUCT_BUNDLE_IDENTIFIER = com.song.WeiboDemo;
				PRODUCT_NAME = "$(TARGET_NAME)";
				SWIFT_VERSION = 5.0;
				TARGETED_DEVICE_FAMILY = "1,2";
			};
			name = Release;
		};
/* End XCBuildConfiguration section */

/* Begin XCConfigurationList section */
		E439F401246E2DBF00D970CB /* Build configuration list for PBXProject "WeiboDemo" */ = {
			isa = XCConfigurationList;
			buildConfigurations = (
				E439F418246E2DC100D970CB /* Debug */,
				E439F419246E2DC100D970CB /* Release */,
			);
			defaultConfigurationIsVisible = 0;
			defaultConfigurationName = Release;
		};
		E439F41A246E2DC100D970CB /* Build configuration list for PBXNativeTarget "WeiboDemo" */ = {
			isa = XCConfigurationList;
			buildConfigurations = (
				E439F41B246E2DC100D970CB /* Debug */,
				E439F41C246E2DC100D970CB /* Release */,
			);
			defaultConfigurationIsVisible = 0;
			defaultConfigurationName = Release;
		};
/* End XCConfigurationList section */
	};
	rootObject = E439F3FE246E2DBF00D970CB /* Project object */;
}
